<?xml version="1.0" encoding="utf-8"?>
<Project ToolsVersion="17.0" xmlns="http://schemas.microsoft.com/developer/msbuild/2003">
  <Import Project="../../realm-core-GlobalProperties.props" />
  <ItemGroup>
    <ClCompile Include="$(REALM_CORE_ROOT)\test\util\benchmark_results.cpp">
      <Filter>Source Files</Filter>
    </ClCompile>
    <ClCompile Include="$(REALM_CORE_ROOT)\test\util\crypt_key.cpp">
      <Filter>Source Files</Filter>
    </ClCompile>
    <ClCompile Include="$(REALM_CORE_ROOT)\test\util\demangle.cpp">
      <Filter>Source Files</Filter>
    </ClCompile>
    <ClCompile Include="$(REALM_CORE_ROOT)\test\util\misc.cpp">
      <Filter>Source Files</Filter>
    </ClCompile>
    <ClCompile Include="$(REALM_CORE_ROOT)\test\util\quote.cpp">
      <Filter>Source Files</Filter>
    </ClCompile>
    <ClCompile Include="$(REALM_CORE_ROOT)\test\util\random.cpp">
      <Filter>Source Files</Filter>
    </ClCompile>
    <ClCompile Include="$(REALM_CORE_ROOT)\test\util\resource_limits.cpp">
      <Filter>Source Files</Filter>
    </ClCompile>
    <ClCompile Include="$(REALM_CORE_ROOT)\test\util\spawned_process.cpp">
      <Filter>Source Files</Filter>
    </ClCompile>
    <ClCompile Include="$(REALM_CORE_ROOT)\test\util\test_only.cpp">
      <Filter>Source Files</Filter>
    </ClCompile>
    <ClCompile Include="$(REALM_CORE_ROOT)\test\util\test_path.cpp">
      <Filter>Source Files</Filter>
    </ClCompile>
    <ClCompile Include="$(REALM_CORE_ROOT)\test\util\timer.cpp">
      <Filter>Source Files</Filter>
    </ClCompile>
    <ClCompile Include="$(REALM_CORE_ROOT)\test\util\unit_test.cpp">
      <Filter>Source Files</Filter>
    </ClCompile>
    <ClCompile Include="$(REALM_CORE_ROOT)\test\util\verified_integer.cpp">
      <Filter>Source Files</Filter>
    </ClCompile>
    <ClCompile Include="$(REALM_CORE_ROOT)\test\util\verified_string.cpp">
      <Filter>Source Files</Filter>
    </ClCompile>
    <ClCompile Include="$(REALM_CORE_ROOT)\test\util\wildcard.cpp">
      <Filter>Source Files</Filter>
    </ClCompile>
    <ClCompile Include="$(REALM_CORE_ROOT)\test\util\compare_groups.cpp">
      <Filter>Source Files</Filter>
    </ClCompile>
    <ClCompile Include="$(REALM_CORE_ROOT)\test\util\dump_changesets.cpp">
      <Filter>Source Files</Filter>
    </ClCompile>
  </ItemGroup>
  <ItemGroup>
    <ClInclude Include="$(REALM_CORE_ROOT)\test\util\benchmark_results.hpp">
      <Filter>Header Files</Filter>
    </ClInclude>
    <ClInclude Include="$(REALM_CORE_ROOT)\test\util\check_logic_error.hpp">
      <Filter>Header Files</Filter>
    </ClInclude>
    <ClInclude Include="$(REALM_CORE_ROOT)\test\util\check_system_error.hpp">
      <Filter>Header Files</Filter>
    </ClInclude>
    <ClInclude Include="$(REALM_CORE_ROOT)\test\util\compare_groups.hpp">
      <Filter>Header Files</Filter>
    </ClInclude>
    <ClInclude Include="$(REALM_CORE_ROOT)\test\util\crypt_key.hpp">
      <Filter>Header Files</Filter>
    </ClInclude>
    <ClInclude Include="$(REALM_CORE_ROOT)\test\util\demangle.hpp">
      <Filter>Header Files</Filter>
    </ClInclude>
    <ClInclude Include="$(REALM_CORE_ROOT)\test\util\dump_changesets.hpp">
      <Filter>Header Files</Filter>
    </ClInclude>
    <ClInclude Include="$(REALM_CORE_ROOT)\test\util\misc.hpp">
      <Filter>Header Files</Filter>
    </ClInclude>
    <ClInclude Include="$(REALM_CORE_ROOT)\test\util\number_names.hpp">
      <Filter>Header Files</Filter>
    </ClInclude>
    <ClInclude Include="$(REALM_CORE_ROOT)\test\util\quote.hpp">
      <Filter>Header Files</Filter>
    </ClInclude>
    <ClInclude Include="$(REALM_CORE_ROOT)\test\util\random.hpp">
      <Filter>Header Files</Filter>
    </ClInclude>
    <ClInclude Include="$(REALM_CORE_ROOT)\test\util\resource_limits.hpp">
      <Filter>Header Files</Filter>
    </ClInclude>
    <ClInclude Include="$(REALM_CORE_ROOT)\test\util\semaphore.hpp">
      <Filter>Header Files</Filter>
    </ClInclude>
    <ClInclude Include="$(REALM_CORE_ROOT)\test\util\spawned_process.hpp">
      <Filter>Header Files</Filter>
    </ClInclude>
    <ClInclude Include="$(REALM_CORE_ROOT)\test\util\super_int.hpp">
      <Filter>Header Files</Filter>
    </ClInclude>
    <ClInclude Include="$(REALM_CORE_ROOT)\test\util\test_only.hpp">
      <Filter>Header Files</Filter>
    </ClInclude>
    <ClInclude Include="$(REALM_CORE_ROOT)\test\util\test_path.hpp">
      <Filter>Header Files</Filter>
    </ClInclude>
    <ClInclude Include="$(REALM_CORE_ROOT)\test\util\test_types.hpp">
      <Filter>Header Files</Filter>
    </ClInclude>
    <ClInclude Include="$(REALM_CORE_ROOT)\test\util\thread_wrapper.hpp">
      <Filter>Header Files</Filter>
    </ClInclude>
    <ClInclude Include="$(REALM_CORE_ROOT)\test\util\timer.hpp">
      <Filter>Header Files</Filter>
    </ClInclude>
    <ClInclude Include="$(REALM_CORE_ROOT)\test\util\unit_test.hpp">
      <Filter>Header Files</Filter>
    </ClInclude>
    <ClInclude Include="$(REALM_CORE_ROOT)\test\util\verified_integer.hpp">
      <Filter>Header Files</Filter>
    </ClInclude>
    <ClInclude Include="$(REALM_CORE_ROOT)\test\util\verified_string.hpp">
      <Filter>Header Files</Filter>
    </ClInclude>
    <ClInclude Include="$(REALM_CORE_ROOT)\test\util\wildcard.hpp">
      <Filter>Header Files</Filter>
    </ClInclude>
  </ItemGroup>
  <ItemGroup>
    <CustomBuild Include="$(REALM_CORE_ROOT)\test\util\CMakeLists.txt" />
  </ItemGroup>
  <ItemGroup>
    <Filter Include="Header Files">
      <UniqueIdentifier>{020EF7E9-D766-3BFD-9F90-448849F20D38}</UniqueIdentifier>
    </Filter>
    <Filter Include="Source Files">
      <UniqueIdentifier>{40E47C88-ED84-3184-A68A-28B0B3C66756}</UniqueIdentifier>
    </Filter>
  </ItemGroup>
</Project>
