<?xml version="1.0" encoding="utf-8"?>
<Project ToolsVersion="17.0" xmlns="http://schemas.microsoft.com/developer/msbuild/2003">
  <Import Project="../../../realm-core-GlobalProperties.props" />
  <ItemGroup>
    <ClCompile Include="$(REALM_CORE_ROOT)\test\object-store\benchmarks\main.cpp">
      <Filter>Source Files</Filter>
    </ClCompile>
    <ClCompile Include="$(REALM_CORE_ROOT)\test\object-store\benchmarks\object.cpp">
      <Filter>Source Files</Filter>
    </ClCompile>
    <ClCompile Include="$(REALM_CORE_ROOT)\test\object-store\benchmarks\results.cpp">
      <Filter>Source Files</Filter>
    </ClCompile>
    <ClCompile Include="$(REALM_CORE_ROOT)\test\object-store\util\event_loop.cpp">
      <Filter>Source Files</Filter>
    </ClCompile>
    <ClCompile Include="$(REALM_CORE_ROOT)\test\object-store\util\test_file.cpp">
      <Filter>Source Files</Filter>
    </ClCompile>
    <ClCompile Include="$(REALM_CORE_ROOT)\test\object-store\util\test_utils.cpp">
      <Filter>Source Files</Filter>
    </ClCompile>
    <ClCompile Include="$(REALM_CORE_ROOT)\test\object-store\util\sync\sync_test_utils.cpp">
      <Filter>Source Files</Filter>
    </ClCompile>
    <ClCompile Include="$(REALM_CORE_ROOT)\test\object-store\benchmarks\client_reset.cpp">
      <Filter>Source Files</Filter>
    </ClCompile>
  </ItemGroup>
  <ItemGroup>
    <ClInclude Include="$(REALM_CORE_ROOT)\test\object-store\util\event_loop.hpp">
      <Filter>Header Files</Filter>
    </ClInclude>
    <ClInclude Include="$(REALM_CORE_ROOT)\test\object-store\util\index_helpers.hpp">
      <Filter>Header Files</Filter>
    </ClInclude>
    <ClInclude Include="$(REALM_CORE_ROOT)\test\object-store\util\test_file.hpp">
      <Filter>Header Files</Filter>
    </ClInclude>
    <ClInclude Include="$(REALM_CORE_ROOT)\test\object-store\util\test_utils.hpp">
      <Filter>Header Files</Filter>
    </ClInclude>
    <ClInclude Include="$(REALM_CORE_ROOT)\test\object-store\util\sync\sync_test_utils.hpp">
      <Filter>Header Files</Filter>
    </ClInclude>
    <ClInclude Include="$(REALM_CORE_ROOT)\test\object-store\util\sync\session_util.hpp">
      <Filter>Header Files</Filter>
    </ClInclude>
  </ItemGroup>
  <ItemGroup>
    <CustomBuild Include="$(REALM_CORE_ROOT)\test\object-store\benchmarks\CMakeLists.txt" />
  </ItemGroup>
  <ItemGroup>
    <Filter Include="Header Files">
      <UniqueIdentifier>{020EF7E9-D766-3BFD-9F90-448849F20D38}</UniqueIdentifier>
    </Filter>
    <Filter Include="Source Files">
      <UniqueIdentifier>{40E47C88-ED84-3184-A68A-28B0B3C66756}</UniqueIdentifier>
    </Filter>
  </ItemGroup>
</Project>
