<?xml version="1.0" encoding="utf-8"?>
<Project ToolsVersion="17.0" xmlns="http://schemas.microsoft.com/developer/msbuild/2003">
  <Import Project="../../../realm-core-GlobalProperties.props" />
  <ItemGroup>
    <CustomBuild Include="$(REALM_VS2022_ROOT)\CMakeFiles\2fb00c7d04d0c10a71b7b578f05726b0\RUN_TESTS_force.rule">
      <Filter>CMake Rules</Filter>
    </CustomBuild>
  </ItemGroup>
  <ItemGroup>
    <Filter Include="CMake Rules">
      <UniqueIdentifier>{C4AD600B-F6C1-38C0-A081-F083BC21FA9A}</UniqueIdentifier>
    </Filter>
  </ItemGroup>
</Project>
