<?xml version="1.0" encoding="utf-8"?>
<Project ToolsVersion="17.0" xmlns="http://schemas.microsoft.com/developer/msbuild/2003">
  <Import Project="../../../realm-core-GlobalProperties.props" />
  <ItemGroup>
    <ClCompile Include="$(REALM_CORE_ROOT)\src\realm\object-store\collection.cpp">
      <Filter>Source Files</Filter>
    </ClCompile>
    <ClCompile Include="$(REALM_CORE_ROOT)\src\realm\object-store\collection_notifications.cpp">
      <Filter>Source Files</Filter>
    </ClCompile>
    <ClCompile Include="$(REALM_CORE_ROOT)\src\realm\object-store\dictionary.cpp">
      <Filter>Source Files</Filter>
    </ClCompile>
    <ClCompile Include="$(REALM_CORE_ROOT)\src\realm\object-store\index_set.cpp">
      <Filter>Source Files</Filter>
    </ClCompile>
    <ClCompile Include="$(REALM_CORE_ROOT)\src\realm\object-store\list.cpp">
      <Filter>Source Files</Filter>
    </ClCompile>
    <ClCompile Include="$(REALM_CORE_ROOT)\src\realm\object-store\class.cpp">
      <Filter>Source Files</Filter>
    </ClCompile>
    <ClCompile Include="$(REALM_CORE_ROOT)\src\realm\object-store\object.cpp">
      <Filter>Source Files</Filter>
    </ClCompile>
    <ClCompile Include="$(REALM_CORE_ROOT)\src\realm\object-store\object_changeset.cpp">
      <Filter>Source Files</Filter>
    </ClCompile>
    <ClCompile Include="$(REALM_CORE_ROOT)\src\realm\object-store\object_schema.cpp">
      <Filter>Source Files</Filter>
    </ClCompile>
    <ClCompile Include="$(REALM_CORE_ROOT)\src\realm\object-store\object_store.cpp">
      <Filter>Source Files</Filter>
    </ClCompile>
    <ClCompile Include="$(REALM_CORE_ROOT)\src\realm\object-store\results.cpp">
      <Filter>Source Files</Filter>
    </ClCompile>
    <ClCompile Include="$(REALM_CORE_ROOT)\src\realm\object-store\schema.cpp">
      <Filter>Source Files</Filter>
    </ClCompile>
    <ClCompile Include="$(REALM_CORE_ROOT)\src\realm\object-store\sectioned_results.cpp">
      <Filter>Source Files</Filter>
    </ClCompile>
    <ClCompile Include="$(REALM_CORE_ROOT)\src\realm\object-store\set.cpp">
      <Filter>Source Files</Filter>
    </ClCompile>
    <ClCompile Include="$(REALM_CORE_ROOT)\src\realm\object-store\shared_realm.cpp">
      <Filter>Source Files</Filter>
    </ClCompile>
    <ClCompile Include="$(REALM_CORE_ROOT)\src\realm\object-store\thread_safe_reference.cpp">
      <Filter>Source Files</Filter>
    </ClCompile>
    <ClCompile Include="$(REALM_CORE_ROOT)\src\realm\object-store\impl\collection_change_builder.cpp">
      <Filter>Source Files</Filter>
    </ClCompile>
    <ClCompile Include="$(REALM_CORE_ROOT)\src\realm\object-store\impl\collection_notifier.cpp">
      <Filter>Source Files</Filter>
    </ClCompile>
    <ClCompile Include="$(REALM_CORE_ROOT)\src\realm\object-store\impl\deep_change_checker.cpp">
      <Filter>Source Files</Filter>
    </ClCompile>
    <ClCompile Include="$(REALM_CORE_ROOT)\src\realm\object-store\impl\list_notifier.cpp">
      <Filter>Source Files</Filter>
    </ClCompile>
    <ClCompile Include="$(REALM_CORE_ROOT)\src\realm\object-store\impl\object_notifier.cpp">
      <Filter>Source Files</Filter>
    </ClCompile>
    <ClCompile Include="$(REALM_CORE_ROOT)\src\realm\object-store\impl\realm_coordinator.cpp">
      <Filter>Source Files</Filter>
    </ClCompile>
    <ClCompile Include="$(REALM_CORE_ROOT)\src\realm\object-store\impl\results_notifier.cpp">
      <Filter>Source Files</Filter>
    </ClCompile>
    <ClCompile Include="$(REALM_CORE_ROOT)\src\realm\object-store\impl\transact_log_handler.cpp">
      <Filter>Source Files</Filter>
    </ClCompile>
    <ClCompile Include="$(REALM_CORE_ROOT)\src\realm\object-store\impl\weak_realm_notifier.cpp">
      <Filter>Source Files</Filter>
    </ClCompile>
    <ClCompile Include="$(REALM_CORE_ROOT)\src\realm\object-store\util\scheduler.cpp">
      <Filter>Source Files</Filter>
    </ClCompile>
    <ClCompile Include="$(REALM_CORE_ROOT)\src\realm\object-store\util\uuid.cpp">
      <Filter>Source Files</Filter>
    </ClCompile>
    <ClCompile Include="$(REALM_CORE_ROOT)\src\realm\object-store\sync\app.cpp">
      <Filter>Source Files</Filter>
    </ClCompile>
    <ClCompile Include="$(REALM_CORE_ROOT)\src\realm\object-store\sync\app_utils.cpp">
      <Filter>Source Files</Filter>
    </ClCompile>
    <ClCompile Include="$(REALM_CORE_ROOT)\src\realm\object-store\sync\app_credentials.cpp">
      <Filter>Source Files</Filter>
    </ClCompile>
    <ClCompile Include="$(REALM_CORE_ROOT)\src\realm\object-store\sync\generic_network_transport.cpp">
      <Filter>Source Files</Filter>
    </ClCompile>
    <ClCompile Include="$(REALM_CORE_ROOT)\src\realm\object-store\sync\async_open_task.cpp">
      <Filter>Source Files</Filter>
    </ClCompile>
    <ClCompile Include="$(REALM_CORE_ROOT)\src\realm\object-store\sync\sync_manager.cpp">
      <Filter>Source Files</Filter>
    </ClCompile>
    <ClCompile Include="$(REALM_CORE_ROOT)\src\realm\object-store\sync\sync_session.cpp">
      <Filter>Source Files</Filter>
    </ClCompile>
    <ClCompile Include="$(REALM_CORE_ROOT)\src\realm\object-store\sync\sync_user.cpp">
      <Filter>Source Files</Filter>
    </ClCompile>
    <ClCompile Include="$(REALM_CORE_ROOT)\src\realm\object-store\sync\mongo_client.cpp">
      <Filter>Source Files</Filter>
    </ClCompile>
    <ClCompile Include="$(REALM_CORE_ROOT)\src\realm\object-store\sync\mongo_collection.cpp">
      <Filter>Source Files</Filter>
    </ClCompile>
    <ClCompile Include="$(REALM_CORE_ROOT)\src\realm\object-store\sync\mongo_database.cpp">
      <Filter>Source Files</Filter>
    </ClCompile>
    <ClCompile Include="$(REALM_CORE_ROOT)\src\realm\object-store\sync\push_client.cpp">
      <Filter>Source Files</Filter>
    </ClCompile>
    <ClCompile Include="$(REALM_CORE_ROOT)\src\realm\object-store\sync\impl\sync_file.cpp">
      <Filter>Source Files</Filter>
    </ClCompile>
    <ClCompile Include="$(REALM_CORE_ROOT)\src\realm\object-store\sync\impl\sync_metadata.cpp">
      <Filter>Source Files</Filter>
    </ClCompile>
    <ClCompile Include="$(REALM_CORE_ROOT)\src\realm\object-store\impl\windows\external_commit_helper.cpp">
      <Filter>Source Files</Filter>
    </ClCompile>
  </ItemGroup>
  <ItemGroup>
    <ClInclude Include="$(REALM_CORE_ROOT)\src\realm\object-store\util\android\scheduler.hpp">
      <Filter>Header Files</Filter>
    </ClInclude>
    <ClInclude Include="$(REALM_CORE_ROOT)\src\realm\object-store\util\apple\scheduler.hpp">
      <Filter>Header Files</Filter>
    </ClInclude>
    <ClInclude Include="$(REALM_CORE_ROOT)\src\realm\object-store\util\generic\scheduler.hpp">
      <Filter>Header Files</Filter>
    </ClInclude>
    <ClInclude Include="$(REALM_CORE_ROOT)\src\realm\object-store\util\uv\scheduler.hpp">
      <Filter>Header Files</Filter>
    </ClInclude>
    <ClInclude Include="$(REALM_CORE_ROOT)\src\realm\object-store\audit.hpp">
      <Filter>Header Files</Filter>
    </ClInclude>
    <ClInclude Include="$(REALM_CORE_ROOT)\src\realm\object-store\audit_serializer.hpp">
      <Filter>Header Files</Filter>
    </ClInclude>
    <ClInclude Include="$(REALM_CORE_ROOT)\src\realm\object-store\binding_context.hpp">
      <Filter>Header Files</Filter>
    </ClInclude>
    <ClInclude Include="$(REALM_CORE_ROOT)\src\realm\object-store\collection.hpp">
      <Filter>Header Files</Filter>
    </ClInclude>
    <ClInclude Include="$(REALM_CORE_ROOT)\src\realm\object-store\collection_notifications.hpp">
      <Filter>Header Files</Filter>
    </ClInclude>
    <ClInclude Include="$(REALM_CORE_ROOT)\src\realm\object-store\dictionary.hpp">
      <Filter>Header Files</Filter>
    </ClInclude>
    <ClInclude Include="$(REALM_CORE_ROOT)\src\realm\object-store\feature_checks.hpp">
      <Filter>Header Files</Filter>
    </ClInclude>
    <ClInclude Include="$(REALM_CORE_ROOT)\src\realm\object-store\index_set.hpp">
      <Filter>Header Files</Filter>
    </ClInclude>
    <ClInclude Include="$(REALM_CORE_ROOT)\src\realm\object-store\keypath_helpers.hpp">
      <Filter>Header Files</Filter>
    </ClInclude>
    <ClInclude Include="$(REALM_CORE_ROOT)\src\realm\object-store\list.hpp">
      <Filter>Header Files</Filter>
    </ClInclude>
    <ClInclude Include="$(REALM_CORE_ROOT)\src\realm\object-store\class.hpp">
      <Filter>Header Files</Filter>
    </ClInclude>
    <ClInclude Include="$(REALM_CORE_ROOT)\src\realm\object-store\object.hpp">
      <Filter>Header Files</Filter>
    </ClInclude>
    <ClInclude Include="$(REALM_CORE_ROOT)\src\realm\object-store\object_accessor.hpp">
      <Filter>Header Files</Filter>
    </ClInclude>
    <ClInclude Include="$(REALM_CORE_ROOT)\src\realm\object-store\object_changeset.hpp">
      <Filter>Header Files</Filter>
    </ClInclude>
    <ClInclude Include="$(REALM_CORE_ROOT)\src\realm\object-store\object_schema.hpp">
      <Filter>Header Files</Filter>
    </ClInclude>
    <ClInclude Include="$(REALM_CORE_ROOT)\src\realm\object-store\object_store.hpp">
      <Filter>Header Files</Filter>
    </ClInclude>
    <ClInclude Include="$(REALM_CORE_ROOT)\src\realm\object-store\property.hpp">
      <Filter>Header Files</Filter>
    </ClInclude>
    <ClInclude Include="$(REALM_CORE_ROOT)\src\realm\object-store\results.hpp">
      <Filter>Header Files</Filter>
    </ClInclude>
    <ClInclude Include="$(REALM_CORE_ROOT)\src\realm\object-store\schema.hpp">
      <Filter>Header Files</Filter>
    </ClInclude>
    <ClInclude Include="$(REALM_CORE_ROOT)\src\realm\object-store\sectioned_results.hpp">
      <Filter>Header Files</Filter>
    </ClInclude>
    <ClInclude Include="$(REALM_CORE_ROOT)\src\realm\object-store\set.hpp">
      <Filter>Header Files</Filter>
    </ClInclude>
    <ClInclude Include="$(REALM_CORE_ROOT)\src\realm\object-store\shared_realm.hpp">
      <Filter>Header Files</Filter>
    </ClInclude>
    <ClInclude Include="$(REALM_CORE_ROOT)\src\realm\object-store\thread_safe_reference.hpp">
      <Filter>Header Files</Filter>
    </ClInclude>
    <ClInclude Include="$(REALM_CORE_ROOT)\src\realm\object-store\impl\apple\external_commit_helper.hpp">
      <Filter>Header Files</Filter>
    </ClInclude>
    <ClInclude Include="$(REALM_CORE_ROOT)\src\realm\object-store\impl\apple\keychain_helper.hpp">
      <Filter>Header Files</Filter>
    </ClInclude>
    <ClInclude Include="$(REALM_CORE_ROOT)\src\realm\object-store\impl\epoll\external_commit_helper.hpp">
      <Filter>Header Files</Filter>
    </ClInclude>
    <ClInclude Include="$(REALM_CORE_ROOT)\src\realm\object-store\impl\generic\external_commit_helper.hpp">
      <Filter>Header Files</Filter>
    </ClInclude>
    <ClInclude Include="$(REALM_CORE_ROOT)\src\realm\object-store\impl\collection_change_builder.hpp">
      <Filter>Header Files</Filter>
    </ClInclude>
    <ClInclude Include="$(REALM_CORE_ROOT)\src\realm\object-store\impl\collection_notifier.hpp">
      <Filter>Header Files</Filter>
    </ClInclude>
    <ClInclude Include="$(REALM_CORE_ROOT)\src\realm\object-store\impl\deep_change_checker.hpp">
      <Filter>Header Files</Filter>
    </ClInclude>
    <ClInclude Include="$(REALM_CORE_ROOT)\src\realm\object-store\impl\external_commit_helper.hpp">
      <Filter>Header Files</Filter>
    </ClInclude>
    <ClInclude Include="$(REALM_CORE_ROOT)\src\realm\object-store\impl\list_notifier.hpp">
      <Filter>Header Files</Filter>
    </ClInclude>
    <ClInclude Include="$(REALM_CORE_ROOT)\src\realm\object-store\impl\notification_wrapper.hpp">
      <Filter>Header Files</Filter>
    </ClInclude>
    <ClInclude Include="$(REALM_CORE_ROOT)\src\realm\object-store\impl\object_accessor_impl.hpp">
      <Filter>Header Files</Filter>
    </ClInclude>
    <ClInclude Include="$(REALM_CORE_ROOT)\src\realm\object-store\impl\object_notifier.hpp">
      <Filter>Header Files</Filter>
    </ClInclude>
    <ClInclude Include="$(REALM_CORE_ROOT)\src\realm\object-store\impl\realm_coordinator.hpp">
      <Filter>Header Files</Filter>
    </ClInclude>
    <ClInclude Include="$(REALM_CORE_ROOT)\src\realm\object-store\impl\results_notifier.hpp">
      <Filter>Header Files</Filter>
    </ClInclude>
    <ClInclude Include="$(REALM_CORE_ROOT)\src\realm\object-store\impl\transact_log_handler.hpp">
      <Filter>Header Files</Filter>
    </ClInclude>
    <ClInclude Include="$(REALM_CORE_ROOT)\src\realm\object-store\impl\weak_realm_notifier.hpp">
      <Filter>Header Files</Filter>
    </ClInclude>
    <ClInclude Include="$(REALM_CORE_ROOT)\src\realm\object-store\util\aligned_union.hpp">
      <Filter>Header Files</Filter>
    </ClInclude>
    <ClInclude Include="$(REALM_CORE_ROOT)\src\realm\object-store\util\atomic_shared_ptr.hpp">
      <Filter>Header Files</Filter>
    </ClInclude>
    <ClInclude Include="$(REALM_CORE_ROOT)\src\realm\object-store\util\copyable_atomic.hpp">
      <Filter>Header Files</Filter>
    </ClInclude>
    <ClInclude Include="$(REALM_CORE_ROOT)\src\realm\object-store\util\event_loop_dispatcher.hpp">
      <Filter>Header Files</Filter>
    </ClInclude>
    <ClInclude Include="$(REALM_CORE_ROOT)\src\realm\object-store\util\scheduler.hpp">
      <Filter>Header Files</Filter>
    </ClInclude>
    <ClInclude Include="$(REALM_CORE_ROOT)\src\realm\object-store\util\tagged_string.hpp">
      <Filter>Header Files</Filter>
    </ClInclude>
    <ClInclude Include="$(REALM_CORE_ROOT)\src\realm\object-store\util\uuid.hpp">
      <Filter>Header Files</Filter>
    </ClInclude>
    <ClInclude Include="$(REALM_CORE_ROOT)\src\realm\object-store\c_api\conversion.hpp">
      <Filter>Header Files</Filter>
    </ClInclude>
    <ClInclude Include="$(REALM_CORE_ROOT)\src\realm\object-store\sync\app.hpp">
      <Filter>Header Files</Filter>
    </ClInclude>
    <ClInclude Include="$(REALM_CORE_ROOT)\src\realm\object-store\sync\app_utils.hpp">
      <Filter>Header Files</Filter>
    </ClInclude>
    <ClInclude Include="$(REALM_CORE_ROOT)\src\realm\object-store\sync\app_credentials.hpp">
      <Filter>Header Files</Filter>
    </ClInclude>
    <ClInclude Include="$(REALM_CORE_ROOT)\src\realm\object-store\sync\generic_network_transport.hpp">
      <Filter>Header Files</Filter>
    </ClInclude>
    <ClInclude Include="$(REALM_CORE_ROOT)\src\realm\object-store\sync\async_open_task.hpp">
      <Filter>Header Files</Filter>
    </ClInclude>
    <ClInclude Include="$(REALM_CORE_ROOT)\src\realm\object-store\sync\sync_manager.hpp">
      <Filter>Header Files</Filter>
    </ClInclude>
    <ClInclude Include="$(REALM_CORE_ROOT)\src\realm\object-store\sync\sync_session.hpp">
      <Filter>Header Files</Filter>
    </ClInclude>
    <ClInclude Include="$(REALM_CORE_ROOT)\src\realm\object-store\sync\sync_user.hpp">
      <Filter>Header Files</Filter>
    </ClInclude>
    <ClInclude Include="$(REALM_CORE_ROOT)\src\realm\object-store\sync\app_service_client.hpp">
      <Filter>Header Files</Filter>
    </ClInclude>
    <ClInclude Include="$(REALM_CORE_ROOT)\src\realm\object-store\sync\auth_request_client.hpp">
      <Filter>Header Files</Filter>
    </ClInclude>
    <ClInclude Include="$(REALM_CORE_ROOT)\src\realm\object-store\sync\mongo_client.hpp">
      <Filter>Header Files</Filter>
    </ClInclude>
    <ClInclude Include="$(REALM_CORE_ROOT)\src\realm\object-store\sync\mongo_collection.hpp">
      <Filter>Header Files</Filter>
    </ClInclude>
    <ClInclude Include="$(REALM_CORE_ROOT)\src\realm\object-store\sync\mongo_database.hpp">
      <Filter>Header Files</Filter>
    </ClInclude>
    <ClInclude Include="$(REALM_CORE_ROOT)\src\realm\object-store\sync\push_client.hpp">
      <Filter>Header Files</Filter>
    </ClInclude>
    <ClInclude Include="$(REALM_CORE_ROOT)\src\realm\object-store\sync\subscribable.hpp">
      <Filter>Header Files</Filter>
    </ClInclude>
    <ClInclude Include="$(REALM_CORE_ROOT)\src\realm\object-store\sync\impl\sync_client.hpp">
      <Filter>Header Files</Filter>
    </ClInclude>
    <ClInclude Include="$(REALM_CORE_ROOT)\src\realm\object-store\sync\impl\sync_file.hpp">
      <Filter>Header Files</Filter>
    </ClInclude>
    <ClInclude Include="$(REALM_CORE_ROOT)\src\realm\object-store\sync\impl\sync_metadata.hpp">
      <Filter>Header Files</Filter>
    </ClInclude>
    <ClInclude Include="$(REALM_CORE_ROOT)\src\realm\object-store\sync\impl\network_reachability.hpp">
      <Filter>Header Files</Filter>
    </ClInclude>
  </ItemGroup>
  <ItemGroup>
    <CustomBuild Include="$(REALM_CORE_ROOT)\src\realm\object-store\CMakeLists.txt" />
  </ItemGroup>
  <ItemGroup>
    <Filter Include="Header Files">
      <UniqueIdentifier>{020EF7E9-D766-3BFD-9F90-448849F20D38}</UniqueIdentifier>
    </Filter>
    <Filter Include="Source Files">
      <UniqueIdentifier>{40E47C88-ED84-3184-A68A-28B0B3C66756}</UniqueIdentifier>
    </Filter>
  </ItemGroup>
</Project>
