<?xml version="1.0" encoding="utf-8"?>
<Project ToolsVersion="17.0" xmlns="http://schemas.microsoft.com/developer/msbuild/2003">
  <Import Project="../../../../realm-core-GlobalProperties.props" />
  <ItemGroup>
    <ClCompile Include="$(REALM_CORE_ROOT)\src\realm\object-store\c_api\config.cpp">
      <Filter>Source Files</Filter>
    </ClCompile>
    <ClCompile Include="$(REALM_CORE_ROOT)\src\realm\object-store\c_api\dictionary.cpp">
      <Filter>Source Files</Filter>
    </ClCompile>
    <ClCompile Include="$(REALM_CORE_ROOT)\src\realm\object-store\c_api\error.cpp">
      <Filter>Source Files</Filter>
    </ClCompile>
    <ClCompile Include="$(REALM_CORE_ROOT)\src\realm\object-store\c_api\logging.cpp">
      <Filter>Source Files</Filter>
    </ClCompile>
    <ClCompile Include="$(REALM_CORE_ROOT)\src\realm\object-store\c_api\notifications.cpp">
      <Filter>Source Files</Filter>
    </ClCompile>
    <ClCompile Include="$(REALM_CORE_ROOT)\src\realm\object-store\c_api\object.cpp">
      <Filter>Source Files</Filter>
    </ClCompile>
    <ClCompile Include="$(REALM_CORE_ROOT)\src\realm\object-store\c_api\list.cpp">
      <Filter>Source Files</Filter>
    </ClCompile>
    <ClCompile Include="$(REALM_CORE_ROOT)\src\realm\object-store\c_api\query.cpp">
      <Filter>Source Files</Filter>
    </ClCompile>
    <ClCompile Include="$(REALM_CORE_ROOT)\src\realm\object-store\c_api\realm.cpp">
      <Filter>Source Files</Filter>
    </ClCompile>
    <ClCompile Include="$(REALM_CORE_ROOT)\src\realm\object-store\c_api\scheduler.cpp">
      <Filter>Source Files</Filter>
    </ClCompile>
    <ClCompile Include="$(REALM_CORE_ROOT)\src\realm\object-store\c_api\schema.cpp">
      <Filter>Source Files</Filter>
    </ClCompile>
    <ClCompile Include="$(REALM_CORE_ROOT)\src\realm\object-store\c_api\set.cpp">
      <Filter>Source Files</Filter>
    </ClCompile>
    <ClCompile Include="$(REALM_CORE_ROOT)\src\realm\object-store\c_api\util.cpp">
      <Filter>Source Files</Filter>
    </ClCompile>
    <ClCompile Include="$(REALM_CORE_ROOT)\src\realm\object-store\c_api\app.cpp">
      <Filter>Source Files</Filter>
    </ClCompile>
    <ClCompile Include="$(REALM_CORE_ROOT)\src\realm\object-store\c_api\http.cpp">
      <Filter>Source Files</Filter>
    </ClCompile>
    <ClCompile Include="$(REALM_CORE_ROOT)\src\realm\object-store\c_api\sync.cpp">
      <Filter>Source Files</Filter>
    </ClCompile>
    <ClCompile Include="$(REALM_CORE_ROOT)\src\realm\object-store\c_api\socket_provider.cpp">
      <Filter>Source Files</Filter>
    </ClCompile>
  </ItemGroup>
  <ItemGroup>
    <ClInclude Include="$(REALM_CORE_ROOT)\src\realm.h">
      <Filter>Header Files</Filter>
    </ClInclude>
    <ClInclude Include="$(REALM_CORE_ROOT)\src\realm\object-store\c_api\conversion.hpp">
      <Filter>Header Files</Filter>
    </ClInclude>
    <ClInclude Include="$(REALM_CORE_ROOT)\src\realm\object-store\c_api\types.hpp">
      <Filter>Header Files</Filter>
    </ClInclude>
    <ClInclude Include="$(REALM_CORE_ROOT)\src\realm\object-store\c_api\util.hpp">
      <Filter>Header Files</Filter>
    </ClInclude>
  </ItemGroup>
  <ItemGroup>
    <CustomBuild Include="$(REALM_CORE_ROOT)\src\realm\object-store\c_api\CMakeLists.txt" />
  </ItemGroup>
  <ItemGroup>
    <Filter Include="Header Files">
      <UniqueIdentifier>{020EF7E9-D766-3BFD-9F90-448849F20D38}</UniqueIdentifier>
    </Filter>
    <Filter Include="Source Files">
      <UniqueIdentifier>{40E47C88-ED84-3184-A68A-28B0B3C66756}</UniqueIdentifier>
    </Filter>
  </ItemGroup>
</Project>
